{
  "name": "@selfage/ref",
  "version": "1.0.4",
  "lockfileVersion": 2,
  "requires": true,
  "packages": {
    "": {
      "name": "@selfage/ref",
      "version": "1.0.4",
      "license": "MIT",
      "devDependencies": {
        "@selfage/tsconfig": "^1.1.0",
        "typescript": "^4.2.3"
      }
    },
    "node_modules/@selfage/tsconfig": {
      "version": "1.1.0",
      "resolved": "https://registry.npmjs.org/@selfage/tsconfig/-/tsconfig-1.1.0.tgz",
      "integrity": "sha512-ZDtePZp28WP5LQuSxhSWM+xB/PqRfeSInLtbjgmee2jeHddfrWHNvX/AHmrxtgNR4UdhmbQkAVJnRrsvWnU0dg==",
      "dev": true,
      "license": "GPL-3.0-or-later"
    },
    "node_modules/typescript": {
      "version": "4.2.3",
      "resolved": "https://registry.npmjs.org/typescript/-/typescript-4.2.3.tgz",
      "integrity": "sha512-qOcYwxaByStAWrBf4x0fibwZvMRG+r4cQoTjbPtUlrWjBHbmCAww1i448U0GJ+3cNNEtebDteo/cHOR3xJ4wEw==",
      "dev": true,
      "bin": {
        "tsc": "bin/tsc",
        "tsserver": "bin/tsserver"
      },
      "engines": {
        "node": ">=4.2.0"
      }
    }
  },
  "dependencies": {
    "@selfage/tsconfig": {
      "version": "1.1.0",
      "resolved": "https://registry.npmjs.org/@selfage/tsconfig/-/tsconfig-1.1.0.tgz",
      "integrity": "sha512-ZDtePZp28WP5LQuSxhSWM+xB/PqRfeSInLtbjgmee2jeHddfrWHNvX/AHmrxtgNR4UdhmbQkAVJnRrsvWnU0dg==",
      "dev": true
    },
    "typescript": {
      "version": "4.2.3",
      "resolved": "https://registry.npmjs.org/typescript/-/typescript-4.2.3.tgz",
      "integrity": "sha512-qOcYwxaByStAWrBf4x0fibwZvMRG+r4cQoTjbPtUlrWjBHbmCAww1i448U0GJ+3cNNEtebDteo/cHOR3xJ4wEw==",
      "dev": true
    }
  }
}
